{
  "version": 4,
  "terraform_version": "1.2.2",
  "serial": 4,
  "lineage": "496b1a90-c8ab-80e0-ce45-c76876e68bc2",
  "outputs": {},
  "resources": [
    {
      "mode": "managed",
      "type": "azurerm_app_service",
      "name": "webapp",
      "provider": "provider[\"registry.terraform.io/hashicorp/azurerm\"]",
      "instances": [
        {
          "schema_version": 0,
          "attributes": {
            "app_service_plan_id": "/subscriptions/0b98c131-13b9-47a5-adba-a8d9db7c041b/resourceGroups/FZAG-IaC-FBE-RG/providers/Microsoft.Web/serverfarms/FZAG-IaC-FBE-WebApp-asp",
            "app_settings": {
              "WEBSITE_NODE_DEFAULT_VERSION": "6.9.1"
            },
            "auth_settings": [
              {
                "active_directory": [],
                "additional_login_params": {},
                "allowed_external_redirect_urls": [],
                "default_provider": "",
                "enabled": false,
                "facebook": [],
                "google": [],
                "issuer": "",
                "microsoft": [],
                "runtime_version": "",
                "token_refresh_extension_hours": 0,
                "token_store_enabled": false,
                "twitter": [],
                "unauthenticated_client_action": ""
              }
            ],
            "backup": [],
            "client_affinity_enabled": false,
            "client_cert_enabled": false,
            "client_cert_mode": "Required",
            "connection_string": [],
            "custom_domain_verification_id": "C9337CF9ADF7C207F4A7C56361F075E67613273D9A937BBA07848B1BA25383ED",
            "default_site_hostname": "fzag-iac-fbe-webapp.azurewebsites.net",
            "enabled": true,
            "https_only": false,
            "id": "/subscriptions/0b98c131-13b9-47a5-adba-a8d9db7c041b/resourceGroups/FZAG-IaC-FBE-RG/providers/Microsoft.Web/sites/FZAG-IaC-FBE-WebApp",
            "identity": [],
            "key_vault_reference_identity_id": "SystemAssigned",
            "location": "westeurope",
            "logs": [
              {
                "application_logs": [
                  {
                    "azure_blob_storage": [],
                    "file_system_level": "Off"
                  }
                ],
                "detailed_error_messages_enabled": false,
                "failed_request_tracing_enabled": false,
                "http_logs": [
                  {
                    "azure_blob_storage": [],
                    "file_system": []
                  }
                ]
              }
            ],
            "name": "FZAG-IaC-FBE-WebApp",
            "outbound_ip_address_list": [
              "51.105.186.108",
              "51.105.189.190",
              "51.105.189.241",
              "51.105.190.95",
              "51.105.191.129",
              "51.105.191.194",
              "20.50.2.45"
            ],
            "outbound_ip_addresses": "51.105.186.108,51.105.189.190,51.105.189.241,51.105.190.95,51.105.191.129,51.105.191.194,20.50.2.45",
            "possible_outbound_ip_address_list": [
              "51.105.186.108",
              "51.105.189.190",
              "51.105.189.241",
              "51.105.190.95",
              "51.105.191.129",
              "51.105.191.194",
              "20.50.160.22",
              "20.50.160.101",
              "20.50.160.125",
              "20.50.160.226",
              "20.50.161.8",
              "20.50.161.228",
              "20.50.161.239",
              "20.50.162.22",
              "20.50.162.51",
              "20.50.162.110",
              "20.50.162.162",
              "20.50.162.165",
              "20.50.162.180",
              "20.50.162.200",
              "20.50.163.110",
              "20.50.163.135",
              "20.50.163.143",
              "20.50.163.167",
              "20.50.163.240",
              "20.50.163.255",
              "20.50.164.22",
              "20.50.164.48",
              "20.50.164.54",
              "20.50.164.119",
              "20.50.2.45"
            ],
            "possible_outbound_ip_addresses": "51.105.186.108,51.105.189.190,51.105.189.241,51.105.190.95,51.105.191.129,51.105.191.194,20.50.160.22,20.50.160.101,20.50.160.125,20.50.160.226,20.50.161.8,20.50.161.228,20.50.161.239,20.50.162.22,20.50.162.51,20.50.162.110,20.50.162.162,20.50.162.165,20.50.162.180,20.50.162.200,20.50.163.110,20.50.163.135,20.50.163.143,20.50.163.167,20.50.163.240,20.50.163.255,20.50.164.22,20.50.164.48,20.50.164.54,20.50.164.119,20.50.2.45",
            "resource_group_name": "FZAG-IaC-FBE-RG",
            "site_config": [
              {
                "acr_use_managed_identity_credentials": false,
                "acr_user_managed_identity_client_id": "",
                "always_on": false,
                "app_command_line": "",
                "auto_swap_slot_name": "",
                "cors": [],
                "default_documents": [
                  "Default.htm",
                  "Default.html",
                  "Default.asp",
                  "index.htm",
                  "index.html",
                  "iisstart.htm",
                  "default.aspx",
                  "index.php",
                  "hostingstart.html"
                ],
                "dotnet_framework_version": "v4.0",
                "ftps_state": "AllAllowed",
                "health_check_path": "",
                "http2_enabled": false,
                "ip_restriction": [],
                "java_container": "",
                "java_container_version": "",
                "java_version": "",
                "linux_fx_version": "",
                "local_mysql_enabled": false,
                "managed_pipeline_mode": "Integrated",
                "min_tls_version": "1.2",
                "number_of_workers": 1,
                "php_version": "5.6",
                "python_version": "",
                "remote_debugging_enabled": false,
                "remote_debugging_version": "",
                "scm_ip_restriction": [],
                "scm_type": "ExternalGit",
                "scm_use_main_ip_restriction": false,
                "use_32_bit_worker_process": true,
                "vnet_route_all_enabled": false,
                "websockets_enabled": false,
                "windows_fx_version": ""
              }
            ],
            "site_credential": [
              {
                "password": "u6t9YvlRnWKuRrfvYdmSpwfoYu5PfjKG8XNFfoQ71PFAJu1315gqPjpNyvt4",
                "username": "$FZAG-IaC-FBE-WebApp"
              }
            ],
            "source_control": [
              {
                "branch": "master",
                "manual_integration": true,
                "repo_url": "https://github.com/FlorianBecher/FZAG-IaC",
                "rollback_enabled": false,
                "use_mercurial": false
              }
            ],
            "storage_account": [],
            "tags": null,
            "timeouts": null
          },
          "sensitive_attributes": [],
          "private": "eyJlMmJmYjczMC1lY2FhLTExZTYtOGY4OC0zNDM2M2JjN2M0YzAiOnsiY3JlYXRlIjoxODAwMDAwMDAwMDAwLCJkZWxldGUiOjE4MDAwMDAwMDAwMDAsInJlYWQiOjMwMDAwMDAwMDAwMCwidXBkYXRlIjoxODAwMDAwMDAwMDAwfX0=",
          "dependencies": [
            "azurerm_app_service_plan.appserviceplan",
            "azurerm_resource_group.rg"
          ]
        }
      ]
    },
    {
      "mode": "managed",
      "type": "azurerm_app_service_plan",
      "name": "appserviceplan",
      "provider": "provider[\"registry.terraform.io/hashicorp/azurerm\"]",
      "instances": [
        {
          "schema_version": 0,
          "attributes": {
            "app_service_environment_id": "",
            "id": "/subscriptions/0b98c131-13b9-47a5-adba-a8d9db7c041b/resourceGroups/FZAG-IaC-FBE-RG/providers/Microsoft.Web/serverfarms/FZAG-IaC-FBE-WebApp-asp",
            "is_xenon": false,
            "kind": "Windows",
            "location": "westeurope",
            "maximum_elastic_worker_count": 1,
            "maximum_number_of_workers": 1,
            "name": "FZAG-IaC-FBE-WebApp-asp",
            "per_site_scaling": false,
            "reserved": false,
            "resource_group_name": "FZAG-IaC-FBE-RG",
            "sku": [
              {
                "capacity": 0,
                "size": "F1",
                "tier": "Free"
              }
            ],
            "tags": null,
            "timeouts": null,
            "zone_redundant": false
          },
          "sensitive_attributes": [],
          "private": "eyJlMmJmYjczMC1lY2FhLTExZTYtOGY4OC0zNDM2M2JjN2M0YzAiOnsiY3JlYXRlIjozNjAwMDAwMDAwMDAwLCJkZWxldGUiOjM2MDAwMDAwMDAwMDAsInJlYWQiOjMwMDAwMDAwMDAwMCwidXBkYXRlIjozNjAwMDAwMDAwMDAwfX0=",
          "dependencies": [
            "azurerm_resource_group.rg"
          ]
        }
      ]
    },
    {
      "mode": "managed",
      "type": "azurerm_resource_group",
      "name": "rg",
      "provider": "provider[\"registry.terraform.io/hashicorp/azurerm\"]",
      "instances": [
        {
          "schema_version": 0,
          "attributes": {
            "id": "/subscriptions/0b98c131-13b9-47a5-adba-a8d9db7c041b/resourceGroups/FZAG-IaC-FBE-RG",
            "location": "westeurope",
            "name": "FZAG-IaC-FBE-RG",
            "tags": {
              "environement": "dev",
              "owner": "Florian",
              "source": "Terraform"
            },
            "timeouts": null
          },
          "sensitive_attributes": [],
          "private": "eyJlMmJmYjczMC1lY2FhLTExZTYtOGY4OC0zNDM2M2JjN2M0YzAiOnsiY3JlYXRlIjo1NDAwMDAwMDAwMDAwLCJkZWxldGUiOjU0MDAwMDAwMDAwMDAsInJlYWQiOjMwMDAwMDAwMDAwMCwidXBkYXRlIjo1NDAwMDAwMDAwMDAwfX0="
        }
      ]
    }
  ]
}
